
Microsoft Visual Studio Solution File, Format Version 12.00
# Visual Studio Version 17
VisualStudioVersion = 17.14.36221.1 d17.14
MinimumVisualStudioVersion = 10.0.40219.1
Project("{8BC9CEB8-8B4A-11D0-8D11-00A0C91BC942}") = "BetterDbgHelp", "BetterDbgHelp\BetterDbgHelp.vcxproj", "{614CEAD6-963C-431A-A7C5-26FC96C099AD}"
EndProject
Project("{8BC9CEB8-8B4A-11D0-8D11-00A0C91BC942}") = "TinyProgram", "TinyProgram\TinyProgram.vcxproj", "{EE9D16CC-E73C-4747-B29C-19D808093AAB}"
EndProject
Global
	GlobalSection(SolutionConfigurationPlatforms) = preSolution
		Debug|x64 = Debug|x64
		Debug|x86 = Debug|x86
		Release|x64 = Release|x64
		Release|x86 = Release|x86
	EndGlobalSection
	GlobalSection(ProjectConfigurationPlatforms) = postSolution
		{614CEAD6-963C-431A-A7C5-26FC96C099AD}.Debug|x64.ActiveCfg = Debug|x64
		{614CEAD6-963C-431A-A7C5-26FC96C099AD}.Debug|x64.Build.0 = Debug|x64
		{614CEAD6-963C-431A-A7C5-26FC96C099AD}.Debug|x86.ActiveCfg = Debug|Win32
		{614CEAD6-963C-431A-A7C5-26FC96C099AD}.Debug|x86.Build.0 = Debug|Win32
		{614CEAD6-963C-431A-A7C5-26FC96C099AD}.Release|x64.ActiveCfg = Release|x64
		{614CEAD6-963C-431A-A7C5-26FC96C099AD}.Release|x64.Build.0 = Release|x64
		{614CEAD6-963C-431A-A7C5-26FC96C099AD}.Release|x86.ActiveCfg = Release|Win32
		{614CEAD6-963C-431A-A7C5-26FC96C099AD}.Release|x86.Build.0 = Release|Win32
		{EE9D16CC-E73C-4747-B29C-19D808093AAB}.Debug|x64.ActiveCfg = Debug|x64
		{EE9D16CC-E73C-4747-B29C-19D808093AAB}.Debug|x64.Build.0 = Debug|x64
		{EE9D16CC-E73C-4747-B29C-19D808093AAB}.Debug|x86.ActiveCfg = Debug|Win32
		{EE9D16CC-E73C-4747-B29C-19D808093AAB}.Debug|x86.Build.0 = Debug|Win32
		{EE9D16CC-E73C-4747-B29C-19D808093AAB}.Release|x64.ActiveCfg = Release|x64
		{EE9D16CC-E73C-4747-B29C-19D808093AAB}.Release|x64.Build.0 = Release|x64
		{EE9D16CC-E73C-4747-B29C-19D808093AAB}.Release|x86.ActiveCfg = Release|Win32
		{EE9D16CC-E73C-4747-B29C-19D808093AAB}.Release|x86.Build.0 = Release|Win32
	EndGlobalSection
	GlobalSection(SolutionProperties) = preSolution
		HideSolutionNode = FALSE
	EndGlobalSection
	GlobalSection(ExtensibilityGlobals) = postSolution
		SolutionGuid = {662D9C3C-07CD-4996-AC6D-1FB57E4A820C}
	EndGlobalSection
EndGlobal
